
Microsoft Visual Studio Solution File, Format Version 12.00
# Visual Studio Version 16
VisualStudioVersion = 16.0.29411.108
MinimumVisualStudioVersion = 10.0.40219.1
Project("{2150E333-8FDC-42A3-9474-1A3956D46DE8}") = "Plugins", "Plugins", "{399C66A8-E090-409F-8BBA-B256A0762B97}"
EndProject
Project("{9A19103F-16F7-4668-BE54-9A1E7A4F7556}") = "PluginBase", "src\PluginBase\PluginBase.csproj", "{51603CBE-07DE-481C-8CF0-B36476AC0614}"
EndProject
Project("{2150E333-8FDC-42A3-9474-1A3956D46DE8}") = "Shared", "Shared", "{F1D3863A-2986-4458-8EE0-70E4928473E2}"
EndProject
Project("{2150E333-8FDC-42A3-9474-1A3956D46DE8}") = "Websites", "Websites", "{DA5609DC-7A63-41EE-8897-B4ABF2311612}"
EndProject
Project("{9A19103F-16F7-4668-BE54-9A1E7A4F7556}") = "Host1", "src\Host1\Host1.csproj", "{CF876619-3C5F-4513-A8FC-66F95EB3DFF4}"
EndProject
Project("{9A19103F-16F7-4668-BE54-9A1E7A4F7556}") = "Layout", "src\Layout\Layout.csproj", "{F898468B-DF15-4DE6-BF9F-8BF68BC24948}"
EndProject
Project("{9A19103F-16F7-4668-BE54-9A1E7A4F7556}") = "Plugin1", "src\Plugin1\Plugin1.csproj", "{02031B4C-4A36-491C-B117-BDAC4D7FD93E}"
EndProject
Project("{9A19103F-16F7-4668-BE54-9A1E7A4F7556}") = "Plugin2", "src\Plugin2\Plugin2.csproj", "{4B759FC7-7225-498F-8B43-2CA37F694526}"
EndProject
Global
	GlobalSection(SolutionConfigurationPlatforms) = preSolution
		Debug|Any CPU = Debug|Any CPU
		Release|Any CPU = Release|Any CPU
	EndGlobalSection
	GlobalSection(ProjectConfigurationPlatforms) = postSolution
		{51603CBE-07DE-481C-8CF0-B36476AC0614}.Debug|Any CPU.ActiveCfg = Debug|Any CPU
		{51603CBE-07DE-481C-8CF0-B36476AC0614}.Debug|Any CPU.Build.0 = Debug|Any CPU
		{51603CBE-07DE-481C-8CF0-B36476AC0614}.Release|Any CPU.ActiveCfg = Release|Any CPU
		{51603CBE-07DE-481C-8CF0-B36476AC0614}.Release|Any CPU.Build.0 = Release|Any CPU
		{CF876619-3C5F-4513-A8FC-66F95EB3DFF4}.Debug|Any CPU.ActiveCfg = Debug|Any CPU
		{CF876619-3C5F-4513-A8FC-66F95EB3DFF4}.Debug|Any CPU.Build.0 = Debug|Any CPU
		{CF876619-3C5F-4513-A8FC-66F95EB3DFF4}.Release|Any CPU.ActiveCfg = Release|Any CPU
		{CF876619-3C5F-4513-A8FC-66F95EB3DFF4}.Release|Any CPU.Build.0 = Release|Any CPU
		{F898468B-DF15-4DE6-BF9F-8BF68BC24948}.Debug|Any CPU.ActiveCfg = Debug|Any CPU
		{F898468B-DF15-4DE6-BF9F-8BF68BC24948}.Debug|Any CPU.Build.0 = Debug|Any CPU
		{F898468B-DF15-4DE6-BF9F-8BF68BC24948}.Release|Any CPU.ActiveCfg = Release|Any CPU
		{F898468B-DF15-4DE6-BF9F-8BF68BC24948}.Release|Any CPU.Build.0 = Release|Any CPU
		{02031B4C-4A36-491C-B117-BDAC4D7FD93E}.Debug|Any CPU.ActiveCfg = Debug|Any CPU
		{02031B4C-4A36-491C-B117-BDAC4D7FD93E}.Debug|Any CPU.Build.0 = Debug|Any CPU
		{02031B4C-4A36-491C-B117-BDAC4D7FD93E}.Release|Any CPU.ActiveCfg = Release|Any CPU
		{02031B4C-4A36-491C-B117-BDAC4D7FD93E}.Release|Any CPU.Build.0 = Release|Any CPU
		{4B759FC7-7225-498F-8B43-2CA37F694526}.Debug|Any CPU.ActiveCfg = Debug|Any CPU
		{4B759FC7-7225-498F-8B43-2CA37F694526}.Debug|Any CPU.Build.0 = Debug|Any CPU
		{4B759FC7-7225-498F-8B43-2CA37F694526}.Release|Any CPU.ActiveCfg = Release|Any CPU
		{4B759FC7-7225-498F-8B43-2CA37F694526}.Release|Any CPU.Build.0 = Release|Any CPU
	EndGlobalSection
	GlobalSection(SolutionProperties) = preSolution
		HideSolutionNode = FALSE
	EndGlobalSection
	GlobalSection(NestedProjects) = preSolution
		{51603CBE-07DE-481C-8CF0-B36476AC0614} = {F1D3863A-2986-4458-8EE0-70E4928473E2}
		{CF876619-3C5F-4513-A8FC-66F95EB3DFF4} = {DA5609DC-7A63-41EE-8897-B4ABF2311612}
		{F898468B-DF15-4DE6-BF9F-8BF68BC24948} = {F1D3863A-2986-4458-8EE0-70E4928473E2}
		{02031B4C-4A36-491C-B117-BDAC4D7FD93E} = {399C66A8-E090-409F-8BBA-B256A0762B97}
		{4B759FC7-7225-498F-8B43-2CA37F694526} = {399C66A8-E090-409F-8BBA-B256A0762B97}
	EndGlobalSection
	GlobalSection(ExtensibilityGlobals) = postSolution
		SolutionGuid = {A9E3DA40-3897-48AF-AC1D-AD56E958EB64}
	EndGlobalSection
EndGlobal
