
Microsoft Visual Studio Solution File, Format Version 12.00
# Visual Studio Version 16
VisualStudioVersion = 16.0.29411.108
MinimumVisualStudioVersion = 10.0.40219.1
Project("{9A19103F-16F7-4668-BE54-9A1E7A4F7556}") = "Components", "src\Components\Components.csproj", "{598E69BE-EC7E-4E5D-BA81-A93D92513422}"
EndProject
Project("{9A19103F-16F7-4668-BE54-9A1E7A4F7556}") = "Website1", "src\Website1\Website1.csproj", "{3A5D2B32-8F16-4C0C-B7CC-A041DF2CAC65}"
EndProject
Project("{2150E333-8FDC-42A3-9474-1A3956D46DE8}") = "Shared", "Shared", "{399C66A8-E090-409F-8BBA-B256A0762B97}"
EndProject
Project("{9A19103F-16F7-4668-BE54-9A1E7A4F7556}") = "Ramverk", "src\Ramverk\Ramverk.csproj", "{E017212A-1308-4185-90A4-84CB267E11A9}"
EndProject
Project("{2150E333-8FDC-42A3-9474-1A3956D46DE8}") = "Solution Items", "Solution Items", "{B397CD4A-742A-4A82-A929-ABD8717F6C78}"
	ProjectSection(SolutionItems) = preProject
		pack.bat = pack.bat
	EndProjectSection
EndProject
Project("{9A19103F-16F7-4668-BE54-9A1E7A4F7556}") = "AnotherLibrary", "src\AnotherLibrary\AnotherLibrary.csproj", "{AC3DA815-9DDA-468F-9968-EB7F89B814F2}"
EndProject
Global
	GlobalSection(SolutionConfigurationPlatforms) = preSolution
		Debug|Any CPU = Debug|Any CPU
		Release|Any CPU = Release|Any CPU
	EndGlobalSection
	GlobalSection(ProjectConfigurationPlatforms) = postSolution
		{598E69BE-EC7E-4E5D-BA81-A93D92513422}.Debug|Any CPU.ActiveCfg = Debug|Any CPU
		{598E69BE-EC7E-4E5D-BA81-A93D92513422}.Debug|Any CPU.Build.0 = Debug|Any CPU
		{598E69BE-EC7E-4E5D-BA81-A93D92513422}.Release|Any CPU.ActiveCfg = Release|Any CPU
		{598E69BE-EC7E-4E5D-BA81-A93D92513422}.Release|Any CPU.Build.0 = Release|Any CPU
		{3A5D2B32-8F16-4C0C-B7CC-A041DF2CAC65}.Debug|Any CPU.ActiveCfg = Debug|Any CPU
		{3A5D2B32-8F16-4C0C-B7CC-A041DF2CAC65}.Debug|Any CPU.Build.0 = Debug|Any CPU
		{3A5D2B32-8F16-4C0C-B7CC-A041DF2CAC65}.Release|Any CPU.ActiveCfg = Release|Any CPU
		{3A5D2B32-8F16-4C0C-B7CC-A041DF2CAC65}.Release|Any CPU.Build.0 = Release|Any CPU
		{E017212A-1308-4185-90A4-84CB267E11A9}.Debug|Any CPU.ActiveCfg = Debug|Any CPU
		{E017212A-1308-4185-90A4-84CB267E11A9}.Debug|Any CPU.Build.0 = Debug|Any CPU
		{E017212A-1308-4185-90A4-84CB267E11A9}.Release|Any CPU.ActiveCfg = Release|Any CPU
		{E017212A-1308-4185-90A4-84CB267E11A9}.Release|Any CPU.Build.0 = Release|Any CPU
		{AC3DA815-9DDA-468F-9968-EB7F89B814F2}.Debug|Any CPU.ActiveCfg = Debug|Any CPU
		{AC3DA815-9DDA-468F-9968-EB7F89B814F2}.Debug|Any CPU.Build.0 = Debug|Any CPU
		{AC3DA815-9DDA-468F-9968-EB7F89B814F2}.Release|Any CPU.ActiveCfg = Release|Any CPU
		{AC3DA815-9DDA-468F-9968-EB7F89B814F2}.Release|Any CPU.Build.0 = Release|Any CPU
	EndGlobalSection
	GlobalSection(SolutionProperties) = preSolution
		HideSolutionNode = FALSE
	EndGlobalSection
	GlobalSection(NestedProjects) = preSolution
		{598E69BE-EC7E-4E5D-BA81-A93D92513422} = {399C66A8-E090-409F-8BBA-B256A0762B97}
		{E017212A-1308-4185-90A4-84CB267E11A9} = {399C66A8-E090-409F-8BBA-B256A0762B97}
		{AC3DA815-9DDA-468F-9968-EB7F89B814F2} = {399C66A8-E090-409F-8BBA-B256A0762B97}
	EndGlobalSection
	GlobalSection(ExtensibilityGlobals) = postSolution
		SolutionGuid = {A9E3DA40-3897-48AF-AC1D-AD56E958EB64}
	EndGlobalSection
EndGlobal
